
Microsoft Visual Studio Solution File, Format Version 12.00
# Visual Studio Version 17
VisualStudioVersion = 17.7.34221.43
MinimumVisualStudioVersion = 10.0.40219.1
Project("{FAE04EC0-301F-11D3-BF4B-00C04F79EFBC}") = "30klab", "30klab\30klab.csproj", "{483CA9C2-1EC9-4D45-903D-855317F6AEFC}"
EndProject
Global
	GlobalSection(SolutionConfigurationPlatforms) = preSolution
		Debug|Any CPU = Debug|Any CPU
		Release|Any CPU = Release|Any CPU
	EndGlobalSection
	GlobalSection(ProjectConfigurationPlatforms) = postSolution
		{483CA9C2-1EC9-4D45-903D-855317F6AEFC}.Debug|Any CPU.ActiveCfg = Debug|Any CPU
		{483CA9C2-1EC9-4D45-903D-855317F6AEFC}.Debug|Any CPU.Build.0 = Debug|Any CPU
		{483CA9C2-1EC9-4D45-903D-855317F6AEFC}.Release|Any CPU.ActiveCfg = Release|Any CPU
		{483CA9C2-1EC9-4D45-903D-855317F6AEFC}.Release|Any CPU.Build.0 = Release|Any CPU
	EndGlobalSection
	GlobalSection(SolutionProperties) = preSolution
		HideSolutionNode = FALSE
	EndGlobalSection
	GlobalSection(ExtensibilityGlobals) = postSolution
		SolutionGuid = {E76CAC58-AB13-44EC-AA28-5D15C4D8CD6E}
	EndGlobalSection
EndGlobal
